
Microsoft Visual Studio Solution File, Format Version 12.00
# Visual Studio Version 16
VisualStudioVersion = 16.0.32428.217
MinimumVisualStudioVersion = 10.0.40219.1
Project("{FAE04EC0-301F-11D3-BF4B-00C04F79EFBC}") = "WineCoolerLib", "WineCoolerLib\WineCoolerLib.csproj", "{925B67AE-000E-4E7A-B8EA-DBCADCFB25F5}"
EndProject
Project("{FAE04EC0-301F-11D3-BF4B-00C04F79EFBC}") = "WineCoolerLibTests", "WineCoolerLibTests\WineCoolerLibTests.csproj", "{CCFBD659-51A7-4C4E-A99E-E933ACF837B1}"
EndProject
Project("{FAE04EC0-301F-11D3-BF4B-00C04F79EFBC}") = "RestWineCooler", "RestWineCooler\RestWineCooler.csproj", "{6C1F3459-659C-4DE8-B1D5-B2C52C38EEF8}"
EndProject
Global
	GlobalSection(SolutionConfigurationPlatforms) = preSolution
		Debug|Any CPU = Debug|Any CPU
		Release|Any CPU = Release|Any CPU
	EndGlobalSection
	GlobalSection(ProjectConfigurationPlatforms) = postSolution
		{925B67AE-000E-4E7A-B8EA-DBCADCFB25F5}.Debug|Any CPU.ActiveCfg = Debug|Any CPU
		{925B67AE-000E-4E7A-B8EA-DBCADCFB25F5}.Debug|Any CPU.Build.0 = Debug|Any CPU
		{925B67AE-000E-4E7A-B8EA-DBCADCFB25F5}.Release|Any CPU.ActiveCfg = Release|Any CPU
		{925B67AE-000E-4E7A-B8EA-DBCADCFB25F5}.Release|Any CPU.Build.0 = Release|Any CPU
		{CCFBD659-51A7-4C4E-A99E-E933ACF837B1}.Debug|Any CPU.ActiveCfg = Debug|Any CPU
		{CCFBD659-51A7-4C4E-A99E-E933ACF837B1}.Debug|Any CPU.Build.0 = Debug|Any CPU
		{CCFBD659-51A7-4C4E-A99E-E933ACF837B1}.Release|Any CPU.ActiveCfg = Release|Any CPU
		{CCFBD659-51A7-4C4E-A99E-E933ACF837B1}.Release|Any CPU.Build.0 = Release|Any CPU
		{6C1F3459-659C-4DE8-B1D5-B2C52C38EEF8}.Debug|Any CPU.ActiveCfg = Debug|Any CPU
		{6C1F3459-659C-4DE8-B1D5-B2C52C38EEF8}.Debug|Any CPU.Build.0 = Debug|Any CPU
		{6C1F3459-659C-4DE8-B1D5-B2C52C38EEF8}.Release|Any CPU.ActiveCfg = Release|Any CPU
		{6C1F3459-659C-4DE8-B1D5-B2C52C38EEF8}.Release|Any CPU.Build.0 = Release|Any CPU
	EndGlobalSection
	GlobalSection(SolutionProperties) = preSolution
		HideSolutionNode = FALSE
	EndGlobalSection
	GlobalSection(ExtensibilityGlobals) = postSolution
		SolutionGuid = {99AE5FBB-74CE-4A16-95D1-1E7E32C486F7}
	EndGlobalSection
EndGlobal
